
Microsoft Visual Studio Solution File, Format Version 12.00
# Visual Studio Version 16
VisualStudioVersion = 16.0.31321.278
MinimumVisualStudioVersion = 10.0.40219.1
Project("{FAE04EC0-301F-11D3-BF4B-00C04F79EFBC}") = "Personal_app", "Personal_app.csproj", "{4C57A29D-B897-4B97-93D0-9A1CEA758315}"
EndProject
Global
	GlobalSection(SolutionConfigurationPlatforms) = preSolution
		Debug|Any CPU = Debug|Any CPU
		Release|Any CPU = Release|Any CPU
	EndGlobalSection
	GlobalSection(ProjectConfigurationPlatforms) = postSolution
		{4C57A29D-B897-4B97-93D0-9A1CEA758315}.Debug|Any CPU.ActiveCfg = Debug|Any CPU
		{4C57A29D-B897-4B97-93D0-9A1CEA758315}.Debug|Any CPU.Build.0 = Debug|Any CPU
		{4C57A29D-B897-4B97-93D0-9A1CEA758315}.Release|Any CPU.ActiveCfg = Release|Any CPU
		{4C57A29D-B897-4B97-93D0-9A1CEA758315}.Release|Any CPU.Build.0 = Release|Any CPU
	EndGlobalSection
	GlobalSection(SolutionProperties) = preSolution
		HideSolutionNode = FALSE
	EndGlobalSection
	GlobalSection(ExtensibilityGlobals) = postSolution
		SolutionGuid = {91FAE59D-4656-47AC-96D6-C8DD97FFAC18}
	EndGlobalSection
EndGlobal
